
Microsoft Visual Studio Solution File, Format Version 12.00
# Visual Studio Version 17
VisualStudioVersion = 17.4.33213.308
MinimumVisualStudioVersion = 10.0.40219.1
Project("{FAE04EC0-301F-11D3-BF4B-00C04F79EFBC}") = "Evan_DnD", "Evan_DnD\Evan_DnD.csproj", "{5177F6B0-0590-4364-B4FA-806866986708}"
EndProject
Global
	GlobalSection(SolutionConfigurationPlatforms) = preSolution
		Debug|Any CPU = Debug|Any CPU
		Release|Any CPU = Release|Any CPU
	EndGlobalSection
	GlobalSection(ProjectConfigurationPlatforms) = postSolution
		{5177F6B0-0590-4364-B4FA-806866986708}.Debug|Any CPU.ActiveCfg = Debug|Any CPU
		{5177F6B0-0590-4364-B4FA-806866986708}.Debug|Any CPU.Build.0 = Debug|Any CPU
		{5177F6B0-0590-4364-B4FA-806866986708}.Release|Any CPU.ActiveCfg = Release|Any CPU
		{5177F6B0-0590-4364-B4FA-806866986708}.Release|Any CPU.Build.0 = Release|Any CPU
	EndGlobalSection
	GlobalSection(SolutionProperties) = preSolution
		HideSolutionNode = FALSE
	EndGlobalSection
	GlobalSection(ExtensibilityGlobals) = postSolution
		SolutionGuid = {8ED21712-0E69-4C48-B8EC-BB505CC7BEBD}
	EndGlobalSection
EndGlobal
